
Microsoft Visual Studio Solution File, Format Version 12.00
# Visual Studio Version 17
VisualStudioVersion = 17.8.34322.80
MinimumVisualStudioVersion = 10.0.40219.1
Project("{FAE04EC0-301F-11D3-BF4B-00C04F79EFBC}") = "Ejercicio08.Repaso.C", "Ejercicio08.Repaso.C\Ejercicio08.Repaso.C.csproj", "{AB16CD56-884A-46B1-8FAA-BAF5DD1773DD}"
EndProject
Global
	GlobalSection(SolutionConfigurationPlatforms) = preSolution
		Debug|Any CPU = Debug|Any CPU
		Release|Any CPU = Release|Any CPU
	EndGlobalSection
	GlobalSection(ProjectConfigurationPlatforms) = postSolution
		{AB16CD56-884A-46B1-8FAA-BAF5DD1773DD}.Debug|Any CPU.ActiveCfg = Debug|Any CPU
		{AB16CD56-884A-46B1-8FAA-BAF5DD1773DD}.Debug|Any CPU.Build.0 = Debug|Any CPU
		{AB16CD56-884A-46B1-8FAA-BAF5DD1773DD}.Release|Any CPU.ActiveCfg = Release|Any CPU
		{AB16CD56-884A-46B1-8FAA-BAF5DD1773DD}.Release|Any CPU.Build.0 = Release|Any CPU
	EndGlobalSection
	GlobalSection(SolutionProperties) = preSolution
		HideSolutionNode = FALSE
	EndGlobalSection
	GlobalSection(ExtensibilityGlobals) = postSolution
		SolutionGuid = {A83A991E-4B87-4874-898C-DFE08800FE5A}
	EndGlobalSection
EndGlobal
